
Microsoft Visual Studio Solution File, Format Version 12.00
# Visual Studio 2012
Project("{FAE04EC0-301F-11D3-BF4B-00C04F79EFBC}") = "XamarinAlert", "XamarinAlert\XamarinAlert.csproj", "{3E164532-CCF6-4A85-AB71-1A7642CDCCA4}"
EndProject
Project("{FAE04EC0-301F-11D3-BF4B-00C04F79EFBC}") = "AlertKitBinding", "Libraries\AlertKitBinding\AlertKitBinding.csproj", "{78000CB6-33AC-4AD6-A38F-772E14249C4A}"
EndProject
Global
	GlobalSection(SolutionConfigurationPlatforms) = preSolution
		Debug|iPhoneSimulator = Debug|iPhoneSimulator
		Release|iPhoneSimulator = Release|iPhoneSimulator
		Debug|iPhone = Debug|iPhone
		Release|iPhone = Release|iPhone
		Ad-Hoc|iPhone = Ad-Hoc|iPhone
		AppStore|iPhone = AppStore|iPhone
	EndGlobalSection
	GlobalSection(ProjectConfigurationPlatforms) = postSolution
		{3E164532-CCF6-4A85-AB71-1A7642CDCCA4}.Ad-Hoc|iPhone.ActiveCfg = Ad-Hoc|iPhone
		{3E164532-CCF6-4A85-AB71-1A7642CDCCA4}.Ad-Hoc|iPhone.Build.0 = Ad-Hoc|iPhone
		{3E164532-CCF6-4A85-AB71-1A7642CDCCA4}.AppStore|iPhone.ActiveCfg = AppStore|iPhone
		{3E164532-CCF6-4A85-AB71-1A7642CDCCA4}.AppStore|iPhone.Build.0 = AppStore|iPhone
		{3E164532-CCF6-4A85-AB71-1A7642CDCCA4}.Debug|iPhone.ActiveCfg = Debug|iPhone
		{3E164532-CCF6-4A85-AB71-1A7642CDCCA4}.Debug|iPhone.Build.0 = Debug|iPhone
		{3E164532-CCF6-4A85-AB71-1A7642CDCCA4}.Debug|iPhoneSimulator.ActiveCfg = Debug|iPhoneSimulator
		{3E164532-CCF6-4A85-AB71-1A7642CDCCA4}.Debug|iPhoneSimulator.Build.0 = Debug|iPhoneSimulator
		{3E164532-CCF6-4A85-AB71-1A7642CDCCA4}.Release|iPhone.ActiveCfg = Release|iPhone
		{3E164532-CCF6-4A85-AB71-1A7642CDCCA4}.Release|iPhone.Build.0 = Release|iPhone
		{3E164532-CCF6-4A85-AB71-1A7642CDCCA4}.Release|iPhoneSimulator.ActiveCfg = Release|iPhoneSimulator
		{3E164532-CCF6-4A85-AB71-1A7642CDCCA4}.Release|iPhoneSimulator.Build.0 = Release|iPhoneSimulator
		{78000CB6-33AC-4AD6-A38F-772E14249C4A}.Ad-Hoc|iPhone.ActiveCfg = Release|Any CPU
		{78000CB6-33AC-4AD6-A38F-772E14249C4A}.Ad-Hoc|iPhone.Build.0 = Release|Any CPU
		{78000CB6-33AC-4AD6-A38F-772E14249C4A}.AppStore|iPhone.ActiveCfg = Release|Any CPU
		{78000CB6-33AC-4AD6-A38F-772E14249C4A}.AppStore|iPhone.Build.0 = Release|Any CPU
		{78000CB6-33AC-4AD6-A38F-772E14249C4A}.Debug|iPhone.ActiveCfg = Debug|Any CPU
		{78000CB6-33AC-4AD6-A38F-772E14249C4A}.Debug|iPhone.Build.0 = Debug|Any CPU
		{78000CB6-33AC-4AD6-A38F-772E14249C4A}.Debug|iPhoneSimulator.ActiveCfg = Debug|Any CPU
		{78000CB6-33AC-4AD6-A38F-772E14249C4A}.Debug|iPhoneSimulator.Build.0 = Debug|Any CPU
		{78000CB6-33AC-4AD6-A38F-772E14249C4A}.Release|iPhone.ActiveCfg = Release|Any CPU
		{78000CB6-33AC-4AD6-A38F-772E14249C4A}.Release|iPhone.Build.0 = Release|Any CPU
		{78000CB6-33AC-4AD6-A38F-772E14249C4A}.Release|iPhoneSimulator.ActiveCfg = Release|Any CPU
		{78000CB6-33AC-4AD6-A38F-772E14249C4A}.Release|iPhoneSimulator.Build.0 = Release|Any CPU
	EndGlobalSection
	GlobalSection(MonoDevelopProperties) = preSolution
		StartupItem = XamarinAlert\XamarinAlert.csproj
	EndGlobalSection
EndGlobal
